
Microsoft Visual Studio Solution File, Format Version 12.00
# Visual Studio Version 17
VisualStudioVersion = 17.4.33213.308
MinimumVisualStudioVersion = 10.0.40219.1
Project("{FAE04EC0-301F-11D3-BF4B-00C04F79EFBC}") = "DripChip", "DripChip.csproj", "{701EBEF9-79BC-43F6-B62A-44432198CA2D}"
EndProject
Global
	GlobalSection(SolutionConfigurationPlatforms) = preSolution
		Debug|Any CPU = Debug|Any CPU
		Release|Any CPU = Release|Any CPU
	EndGlobalSection
	GlobalSection(ProjectConfigurationPlatforms) = postSolution
		{701EBEF9-79BC-43F6-B62A-44432198CA2D}.Debug|Any CPU.ActiveCfg = Debug|Any CPU
		{701EBEF9-79BC-43F6-B62A-44432198CA2D}.Debug|Any CPU.Build.0 = Debug|Any CPU
		{701EBEF9-79BC-43F6-B62A-44432198CA2D}.Release|Any CPU.ActiveCfg = Release|Any CPU
		{701EBEF9-79BC-43F6-B62A-44432198CA2D}.Release|Any CPU.Build.0 = Release|Any CPU
	EndGlobalSection
	GlobalSection(SolutionProperties) = preSolution
		HideSolutionNode = FALSE
	EndGlobalSection
	GlobalSection(ExtensibilityGlobals) = postSolution
		SolutionGuid = {237BD0E0-9769-462B-8F83-FDC4886D5165}
	EndGlobalSection
EndGlobal
